{
   "name": "@jointhedots/scripting",
   "version": "0.0.0",
   "lockfileVersion": 3,
   "requires": true,
   "packages": {
      "": {
         "name": "@jointhedots/scripting",
         "version": "0.0.0",
         "dependencies": {
            "@jointhedots/core": "*",
            "acorn": "^8.15.0",
            "astring": "^1.9.0",
            "yaml": "^2.8.2",
            "zod": "^4.2.1"
         },
         "devDependencies": {
            "@jointhedots/core": "../jointhedots-core/dist/jointhedots-core",
            "@std/assert": "npm:@jsr/std__assert@^1.0.19",
            "@std/testing": "npm:@jsr/std__testing@^1.0.17",
            "typescript": "^5.9.3"
         }
      },
      "../jointhedots-core/dist/jointhedots-core": {
         "name": "@jointhedots/core",
         "version": "2.1.0",
         "dev": true,
         "dependencies": {
            "json-schema": "^0.4.0",
            "vscode-uri": "^3.1.0",
            "zod": "^4.2.1"
         },
         "peerDependencies": {
            "react": "^18.2.0",
            "react-dom": "^18.2.0"
         }
      },
      "node_modules/@jointhedots/core": {
         "resolved": "../jointhedots-core/dist/jointhedots-core",
         "link": true
      },
      "node_modules/@jsr/std__assert": {
         "version": "1.0.19",
         "resolved": "https://npm.jsr.io/~/11/@jsr/std__assert/1.0.19.tgz",
         "integrity": "sha512-pEj6RPkGbqlgRmyKwATp4cUs6+ijxtdrv3bq8v1d2I2CEcMEyPaO8cVKro61wGRDH4cNg8Zx6haztvK/9m7gkA==",
         "dev": true,
         "dependencies": {
            "@jsr/std__internal": "^1.0.12"
         }
      },
      "node_modules/@jsr/std__async": {
         "version": "1.2.0",
         "resolved": "https://npm.jsr.io/~/11/@jsr/std__async/1.2.0.tgz",
         "integrity": "sha512-/vlTKrVwDp9iBCi1BUlz4ghyvHNkzGHdvhdHTdPKGJoklBcwnRjm4yC0n+oB97LtRRFpruWmBobABZHD/t/SkQ==",
         "dev": true
      },
      "node_modules/@jsr/std__data-structures": {
         "version": "1.0.10",
         "resolved": "https://npm.jsr.io/~/11/@jsr/std__data-structures/1.0.10.tgz",
         "integrity": "sha512-NUlT54X5Ob7AUvl0nVdeOcXPdrKbg1TnaZnh72rhNIvaWprTT1jriFL+UilSAFtImo2OMEVajuudBFWoGre1pg==",
         "dev": true,
         "dependencies": {
            "@jsr/std__assert": "^1.0.17"
         }
      },
      "node_modules/@jsr/std__fs": {
         "version": "1.0.23",
         "resolved": "https://npm.jsr.io/~/11/@jsr/std__fs/1.0.23.tgz",
         "integrity": "sha512-e8jspB3M44E5YhWiLCTqibBBTwVmxQaHN06WvFa/elAKm5E/LfAe8Hj5XGNC8P7a0MIPASlNJsnF1bgO/g+aqg==",
         "dev": true,
         "dependencies": {
            "@jsr/std__internal": "^1.0.12",
            "@jsr/std__path": "^1.1.4"
         }
      },
      "node_modules/@jsr/std__internal": {
         "version": "1.0.12",
         "resolved": "https://npm.jsr.io/~/11/@jsr/std__internal/1.0.12.tgz",
         "integrity": "sha512-6xReMW9p+paJgqoFRpOE2nogJFvzPfaLHLIlyADYjKMUcwDyjKZxryIbgcU+gxiTygn8yCjld1HoI0ET4/iZeA==",
         "dev": true
      },
      "node_modules/@jsr/std__path": {
         "version": "1.1.4",
         "resolved": "https://npm.jsr.io/~/11/@jsr/std__path/1.1.4.tgz",
         "integrity": "sha512-SK4u9H6NVTfolhPdlvdYXfNFefy1W04AEHWJydryYbk+xqzNiVmr5o7TLJLJFqwHXuwMRhwrn+mcYeUfS0YFaA==",
         "dev": true,
         "dependencies": {
            "@jsr/std__internal": "^1.0.12"
         }
      },
      "node_modules/@std/assert": {
         "name": "@jsr/std__assert",
         "version": "1.0.19",
         "resolved": "https://npm.jsr.io/~/11/@jsr/std__assert/1.0.19.tgz",
         "integrity": "sha512-pEj6RPkGbqlgRmyKwATp4cUs6+ijxtdrv3bq8v1d2I2CEcMEyPaO8cVKro61wGRDH4cNg8Zx6haztvK/9m7gkA==",
         "dev": true,
         "dependencies": {
            "@jsr/std__internal": "^1.0.12"
         }
      },
      "node_modules/@std/testing": {
         "name": "@jsr/std__testing",
         "version": "1.0.17",
         "resolved": "https://npm.jsr.io/~/11/@jsr/std__testing/1.0.17.tgz",
         "integrity": "sha512-szX1c5vuBvEo4LKLhaPCPZ4X7LO4nqGYwEhKnWwuPbqG0wnCRUY0IVZ4X191EZNgu+4qciYeQap1O4QCooulow==",
         "dev": true,
         "dependencies": {
            "@jsr/std__assert": "^1.0.17",
            "@jsr/std__async": "^1.1.0",
            "@jsr/std__data-structures": "^1.0.10",
            "@jsr/std__fs": "^1.0.22",
            "@jsr/std__internal": "^1.0.12",
            "@jsr/std__path": "^1.1.4"
         }
      },
      "node_modules/acorn": {
         "version": "8.16.0",
         "resolved": "https://registry.npmjs.org/acorn/-/acorn-8.16.0.tgz",
         "integrity": "sha512-UVJyE9MttOsBQIDKw1skb9nAwQuR5wuGD3+82K6JgJlm/Y+KI92oNsMNGZCYdDsVtRHSak0pcV5Dno5+4jh9sw==",
         "license": "MIT",
         "bin": {
            "acorn": "bin/acorn"
         },
         "engines": {
            "node": ">=0.4.0"
         }
      },
      "node_modules/astring": {
         "version": "1.9.0",
         "resolved": "https://registry.npmjs.org/astring/-/astring-1.9.0.tgz",
         "integrity": "sha512-LElXdjswlqjWrPpJFg1Fx4wpkOCxj1TDHlSV4PlaRxHGWko024xICaa97ZkMfs6DRKlCguiAI+rbXv5GWwXIkg==",
         "license": "MIT",
         "bin": {
            "astring": "bin/astring"
         }
      },
      "node_modules/typescript": {
         "version": "5.9.3",
         "resolved": "https://registry.npmjs.org/typescript/-/typescript-5.9.3.tgz",
         "integrity": "sha512-jl1vZzPDinLr9eUt3J/t7V6FgNEw9QjvBPdysz9KfQDD41fQrC2Y4vKQdiaUpFT4bXlb1RHhLpp8wtm6M5TgSw==",
         "dev": true,
         "license": "Apache-2.0",
         "bin": {
            "tsc": "bin/tsc",
            "tsserver": "bin/tsserver"
         },
         "engines": {
            "node": ">=14.17"
         }
      },
      "node_modules/yaml": {
         "version": "2.8.2",
         "resolved": "https://registry.npmjs.org/yaml/-/yaml-2.8.2.tgz",
         "integrity": "sha512-mplynKqc1C2hTVYxd0PU2xQAc22TI1vShAYGksCCfxbn/dFwnHTNi1bvYsBTkhdUNtGIf5xNOg938rrSSYvS9A==",
         "license": "ISC",
         "bin": {
            "yaml": "bin.mjs"
         },
         "engines": {
            "node": ">= 14.6"
         },
         "funding": {
            "url": "https://github.com/sponsors/eemeli"
         }
      },
      "node_modules/zod": {
         "version": "4.3.6",
         "resolved": "https://registry.npmjs.org/zod/-/zod-4.3.6.tgz",
         "integrity": "sha512-rftlrkhHZOcjDwkGlnUtZZkvaPHCsDATp4pGpuOOMDaTdDDXF91wuVDJoWoPsKX/3YPQ5fHuF3STjcYyKr+Qhg==",
         "license": "MIT",
         "funding": {
            "url": "https://github.com/sponsors/colinhacks"
         }
      }
   }
}
